
Microsoft Visual Studio Solution File, Format Version 12.00
# Visual Studio Version 16
VisualStudioVersion = 16.0.28917.181
MinimumVisualStudioVersion = 10.0.40219.1
Project("{9A19103F-16F7-4668-BE54-9A1E7A4F7556}") = "NH.Test", "test\NH.Test\NH.Test.csproj", "{1B0B54A4-482A-4961-8B6C-D3991FA7E3A3}"
EndProject
Project("{9A19103F-16F7-4668-BE54-9A1E7A4F7556}") = "NH", "NH\NH.csproj", "{003877FD-57DB-431B-A2A8-173757560FE4}"
EndProject
Project("{2150E333-8FDC-42A3-9474-1A3956D46DE8}") = "test", "test", "{6C208DBA-8AA9-4138-87E1-4B060FB060B6}"
EndProject
Project("{9A19103F-16F7-4668-BE54-9A1E7A4F7556}") = "Benchmark", "test\Benchmark\Benchmark.csproj", "{ABDDD708-8C80-4262-B3E8-9B4230A24D93}"
EndProject
Project("{9A19103F-16F7-4668-BE54-9A1E7A4F7556}") = "Poly1305", "Poly1305\Poly1305.csproj", "{72972445-BDC5-4BD0-874F-8CE3709BC03E}"
EndProject
Project("{9A19103F-16F7-4668-BE54-9A1E7A4F7556}") = "Poly1305.Test", "test\Poly1305.Test\Poly1305.Test.csproj", "{33B3CC5E-93EF-4853-B7D9-2C794F381691}"
EndProject
Project("{2150E333-8FDC-42A3-9474-1A3956D46DE8}") = "original", "original", "{C3016071-7D21-40DE-B319-5B66B601C49B}"
EndProject
Project("{8BC9CEB8-8B4A-11D0-8D11-00A0C91BC942}") = "poly1305", "original\poly1305\poly1305.vcxproj", "{C6E92AD1-1FC6-4DB4-B09E-56D417C9D25E}"
EndProject
Global
	GlobalSection(SolutionConfigurationPlatforms) = preSolution
		Debug|Any CPU = Debug|Any CPU
		Debug|x64 = Debug|x64
		Debug|x86 = Debug|x86
		Release|Any CPU = Release|Any CPU
		Release|x64 = Release|x64
		Release|x86 = Release|x86
	EndGlobalSection
	GlobalSection(ProjectConfigurationPlatforms) = postSolution
		{1B0B54A4-482A-4961-8B6C-D3991FA7E3A3}.Debug|Any CPU.ActiveCfg = Debug|Any CPU
		{1B0B54A4-482A-4961-8B6C-D3991FA7E3A3}.Debug|Any CPU.Build.0 = Debug|Any CPU
		{1B0B54A4-482A-4961-8B6C-D3991FA7E3A3}.Debug|x64.ActiveCfg = Debug|Any CPU
		{1B0B54A4-482A-4961-8B6C-D3991FA7E3A3}.Debug|x64.Build.0 = Debug|Any CPU
		{1B0B54A4-482A-4961-8B6C-D3991FA7E3A3}.Debug|x86.ActiveCfg = Debug|Any CPU
		{1B0B54A4-482A-4961-8B6C-D3991FA7E3A3}.Debug|x86.Build.0 = Debug|Any CPU
		{1B0B54A4-482A-4961-8B6C-D3991FA7E3A3}.Release|Any CPU.ActiveCfg = Release|Any CPU
		{1B0B54A4-482A-4961-8B6C-D3991FA7E3A3}.Release|Any CPU.Build.0 = Release|Any CPU
		{1B0B54A4-482A-4961-8B6C-D3991FA7E3A3}.Release|x64.ActiveCfg = Release|Any CPU
		{1B0B54A4-482A-4961-8B6C-D3991FA7E3A3}.Release|x64.Build.0 = Release|Any CPU
		{1B0B54A4-482A-4961-8B6C-D3991FA7E3A3}.Release|x86.ActiveCfg = Release|Any CPU
		{1B0B54A4-482A-4961-8B6C-D3991FA7E3A3}.Release|x86.Build.0 = Release|Any CPU
		{003877FD-57DB-431B-A2A8-173757560FE4}.Debug|Any CPU.ActiveCfg = Debug|Any CPU
		{003877FD-57DB-431B-A2A8-173757560FE4}.Debug|Any CPU.Build.0 = Debug|Any CPU
		{003877FD-57DB-431B-A2A8-173757560FE4}.Debug|x64.ActiveCfg = Debug|Any CPU
		{003877FD-57DB-431B-A2A8-173757560FE4}.Debug|x64.Build.0 = Debug|Any CPU
		{003877FD-57DB-431B-A2A8-173757560FE4}.Debug|x86.ActiveCfg = Debug|Any CPU
		{003877FD-57DB-431B-A2A8-173757560FE4}.Debug|x86.Build.0 = Debug|Any CPU
		{003877FD-57DB-431B-A2A8-173757560FE4}.Release|Any CPU.ActiveCfg = Release|Any CPU
		{003877FD-57DB-431B-A2A8-173757560FE4}.Release|Any CPU.Build.0 = Release|Any CPU
		{003877FD-57DB-431B-A2A8-173757560FE4}.Release|x64.ActiveCfg = Release|Any CPU
		{003877FD-57DB-431B-A2A8-173757560FE4}.Release|x64.Build.0 = Release|Any CPU
		{003877FD-57DB-431B-A2A8-173757560FE4}.Release|x86.ActiveCfg = Release|Any CPU
		{003877FD-57DB-431B-A2A8-173757560FE4}.Release|x86.Build.0 = Release|Any CPU
		{ABDDD708-8C80-4262-B3E8-9B4230A24D93}.Debug|Any CPU.ActiveCfg = Debug|Any CPU
		{ABDDD708-8C80-4262-B3E8-9B4230A24D93}.Debug|Any CPU.Build.0 = Debug|Any CPU
		{ABDDD708-8C80-4262-B3E8-9B4230A24D93}.Debug|x64.ActiveCfg = Debug|Any CPU
		{ABDDD708-8C80-4262-B3E8-9B4230A24D93}.Debug|x64.Build.0 = Debug|Any CPU
		{ABDDD708-8C80-4262-B3E8-9B4230A24D93}.Debug|x86.ActiveCfg = Debug|Any CPU
		{ABDDD708-8C80-4262-B3E8-9B4230A24D93}.Debug|x86.Build.0 = Debug|Any CPU
		{ABDDD708-8C80-4262-B3E8-9B4230A24D93}.Release|Any CPU.ActiveCfg = Release|Any CPU
		{ABDDD708-8C80-4262-B3E8-9B4230A24D93}.Release|Any CPU.Build.0 = Release|Any CPU
		{ABDDD708-8C80-4262-B3E8-9B4230A24D93}.Release|x64.ActiveCfg = Release|Any CPU
		{ABDDD708-8C80-4262-B3E8-9B4230A24D93}.Release|x64.Build.0 = Release|Any CPU
		{ABDDD708-8C80-4262-B3E8-9B4230A24D93}.Release|x86.ActiveCfg = Release|Any CPU
		{ABDDD708-8C80-4262-B3E8-9B4230A24D93}.Release|x86.Build.0 = Release|Any CPU
		{72972445-BDC5-4BD0-874F-8CE3709BC03E}.Debug|Any CPU.ActiveCfg = Debug|Any CPU
		{72972445-BDC5-4BD0-874F-8CE3709BC03E}.Debug|Any CPU.Build.0 = Debug|Any CPU
		{72972445-BDC5-4BD0-874F-8CE3709BC03E}.Debug|x64.ActiveCfg = Debug|Any CPU
		{72972445-BDC5-4BD0-874F-8CE3709BC03E}.Debug|x64.Build.0 = Debug|Any CPU
		{72972445-BDC5-4BD0-874F-8CE3709BC03E}.Debug|x86.ActiveCfg = Debug|Any CPU
		{72972445-BDC5-4BD0-874F-8CE3709BC03E}.Debug|x86.Build.0 = Debug|Any CPU
		{72972445-BDC5-4BD0-874F-8CE3709BC03E}.Release|Any CPU.ActiveCfg = Release|Any CPU
		{72972445-BDC5-4BD0-874F-8CE3709BC03E}.Release|Any CPU.Build.0 = Release|Any CPU
		{72972445-BDC5-4BD0-874F-8CE3709BC03E}.Release|x64.ActiveCfg = Release|Any CPU
		{72972445-BDC5-4BD0-874F-8CE3709BC03E}.Release|x64.Build.0 = Release|Any CPU
		{72972445-BDC5-4BD0-874F-8CE3709BC03E}.Release|x86.ActiveCfg = Release|Any CPU
		{72972445-BDC5-4BD0-874F-8CE3709BC03E}.Release|x86.Build.0 = Release|Any CPU
		{33B3CC5E-93EF-4853-B7D9-2C794F381691}.Debug|Any CPU.ActiveCfg = Debug|Any CPU
		{33B3CC5E-93EF-4853-B7D9-2C794F381691}.Debug|Any CPU.Build.0 = Debug|Any CPU
		{33B3CC5E-93EF-4853-B7D9-2C794F381691}.Debug|x64.ActiveCfg = Debug|Any CPU
		{33B3CC5E-93EF-4853-B7D9-2C794F381691}.Debug|x64.Build.0 = Debug|Any CPU
		{33B3CC5E-93EF-4853-B7D9-2C794F381691}.Debug|x86.ActiveCfg = Debug|Any CPU
		{33B3CC5E-93EF-4853-B7D9-2C794F381691}.Debug|x86.Build.0 = Debug|Any CPU
		{33B3CC5E-93EF-4853-B7D9-2C794F381691}.Release|Any CPU.ActiveCfg = Release|Any CPU
		{33B3CC5E-93EF-4853-B7D9-2C794F381691}.Release|Any CPU.Build.0 = Release|Any CPU
		{33B3CC5E-93EF-4853-B7D9-2C794F381691}.Release|x64.ActiveCfg = Release|Any CPU
		{33B3CC5E-93EF-4853-B7D9-2C794F381691}.Release|x64.Build.0 = Release|Any CPU
		{33B3CC5E-93EF-4853-B7D9-2C794F381691}.Release|x86.ActiveCfg = Release|Any CPU
		{33B3CC5E-93EF-4853-B7D9-2C794F381691}.Release|x86.Build.0 = Release|Any CPU
		{C6E92AD1-1FC6-4DB4-B09E-56D417C9D25E}.Debug|Any CPU.ActiveCfg = Debug|Win32
		{C6E92AD1-1FC6-4DB4-B09E-56D417C9D25E}.Debug|x64.ActiveCfg = Debug|x64
		{C6E92AD1-1FC6-4DB4-B09E-56D417C9D25E}.Debug|x64.Build.0 = Debug|x64
		{C6E92AD1-1FC6-4DB4-B09E-56D417C9D25E}.Debug|x86.ActiveCfg = Debug|Win32
		{C6E92AD1-1FC6-4DB4-B09E-56D417C9D25E}.Debug|x86.Build.0 = Debug|Win32
		{C6E92AD1-1FC6-4DB4-B09E-56D417C9D25E}.Release|Any CPU.ActiveCfg = Release|Win32
		{C6E92AD1-1FC6-4DB4-B09E-56D417C9D25E}.Release|x64.ActiveCfg = Release|x64
		{C6E92AD1-1FC6-4DB4-B09E-56D417C9D25E}.Release|x64.Build.0 = Release|x64
		{C6E92AD1-1FC6-4DB4-B09E-56D417C9D25E}.Release|x86.ActiveCfg = Release|Win32
		{C6E92AD1-1FC6-4DB4-B09E-56D417C9D25E}.Release|x86.Build.0 = Release|Win32
	EndGlobalSection
	GlobalSection(SolutionProperties) = preSolution
		HideSolutionNode = FALSE
	EndGlobalSection
	GlobalSection(NestedProjects) = preSolution
		{1B0B54A4-482A-4961-8B6C-D3991FA7E3A3} = {6C208DBA-8AA9-4138-87E1-4B060FB060B6}
		{ABDDD708-8C80-4262-B3E8-9B4230A24D93} = {6C208DBA-8AA9-4138-87E1-4B060FB060B6}
		{33B3CC5E-93EF-4853-B7D9-2C794F381691} = {6C208DBA-8AA9-4138-87E1-4B060FB060B6}
		{C6E92AD1-1FC6-4DB4-B09E-56D417C9D25E} = {C3016071-7D21-40DE-B319-5B66B601C49B}
	EndGlobalSection
	GlobalSection(ExtensibilityGlobals) = postSolution
		SolutionGuid = {B9D750A7-B231-41E1-B122-3A60658D2346}
	EndGlobalSection
EndGlobal
